
Microsoft Visual Studio Solution File, Format Version 12.00
# Visual Studio Version 16
VisualStudioVersion = 16.0.31911.196
MinimumVisualStudioVersion = 10.0.40219.1
Project("{FAE04EC0-301F-11D3-BF4B-00C04F79EFBC}") = "HeroManagementWebApi", "HeroManagementWebApi\HeroManagementWebApi.csproj", "{2BA3906B-5F00-44B6-A100-D1CFDEBEBE1B}"
EndProject
Global
	GlobalSection(SolutionConfigurationPlatforms) = preSolution
		Debug|Any CPU = Debug|Any CPU
		Release|Any CPU = Release|Any CPU
	EndGlobalSection
	GlobalSection(ProjectConfigurationPlatforms) = postSolution
		{2BA3906B-5F00-44B6-A100-D1CFDEBEBE1B}.Debug|Any CPU.ActiveCfg = Debug|Any CPU
		{2BA3906B-5F00-44B6-A100-D1CFDEBEBE1B}.Debug|Any CPU.Build.0 = Debug|Any CPU
		{2BA3906B-5F00-44B6-A100-D1CFDEBEBE1B}.Release|Any CPU.ActiveCfg = Release|Any CPU
		{2BA3906B-5F00-44B6-A100-D1CFDEBEBE1B}.Release|Any CPU.Build.0 = Release|Any CPU
	EndGlobalSection
	GlobalSection(SolutionProperties) = preSolution
		HideSolutionNode = FALSE
	EndGlobalSection
	GlobalSection(ExtensibilityGlobals) = postSolution
		SolutionGuid = {FF60B13F-3B7C-4616-8728-841584FC9CE3}
	EndGlobalSection
EndGlobal
